// !$*UTF8*$!
{
	archiveVersion = 1;
	classes = {
	};
	objectVersion = 46;
	objects = {

/* Begin PBXBuildFile section */
		D3003CC11EBD66BA00F2E52C /* AppDelegate.swift in Sources */ = {isa = PBXBuildFile; fileRef = D3003CC01EBD66BA00F2E52C /* AppDelegate.swift */; };
		D3003CC31EBD66BA00F2E52C /* ViewController.swift in Sources */ = {isa = PBXBuildFile; fileRef = D3003CC21EBD66BA00F2E52C /* ViewController.swift */; };
		D3003CC61EBD66BA00F2E52C /* Main.storyboard in Resources */ = {isa = PBXBuildFile; fileRef = D3003CC41EBD66BA00F2E52C /* Main.storyboard */; };
		D3003CC81EBD66BA00F2E52C /* Assets.xcassets in Resources */ = {isa = PBXBuildFile; fileRef = D3003CC71EBD66BA00F2E52C /* Assets.xcassets */; };
		D3003CCB1EBD66BA00F2E52C /* LaunchScreen.storyboard in Resources */ = {isa = PBXBuildFile; fileRef = D3003CC91EBD66BA00F2E52C /* LaunchScreen.storyboard */; };
		D3003CD61EBD66BA00F2E52C /* PageTheScrollTests.swift in Sources */ = {isa = PBXBuildFile; fileRef = D3003CD51EBD66BA00F2E52C /* PageTheScrollTests.swift */; };
		D3003CE11EBD66BA00F2E52C /* PageTheScrollUITests.swift in Sources */ = {isa = PBXBuildFile; fileRef = D3003CE01EBD66BA00F2E52C /* PageTheScrollUITests.swift */; };
		D3003CEF1EBD675000F2E52C /* Scrollview-Assets in Resources */ = {isa = PBXBuildFile; fileRef = D3003CEE1EBD675000F2E52C /* Scrollview-Assets */; };
/* End PBXBuildFile section */

/* Begin PBXContainerItemProxy section */
		D3003CD21EBD66BA00F2E52C /* PBXContainerItemProxy */ = {
			isa = PBXContainerItemProxy;
			containerPortal = D3003CB51EBD66BA00F2E52C /* Project object */;
			proxyType = 1;
			remoteGlobalIDString = D3003CBC1EBD66BA00F2E52C;
			remoteInfo = PageTheScroll;
		};
		D3003CDD1EBD66BA00F2E52C /* PBXContainerItemProxy */ = {
			isa = PBXContainerItemProxy;
			containerPortal = D3003CB51EBD66BA00F2E52C /* Project object */;
			proxyType = 1;
			remoteGlobalIDString = D3003CBC1EBD66BA00F2E52C;
			remoteInfo = PageTheScroll;
		};
/* End PBXContainerItemProxy section */

/* Begin PBXFileReference section */
		D3003CBD1EBD66BA00F2E52C /* PageTheScroll.app */ = {isa = PBXFileReference; explicitFileType = wrapper.application; includeInIndex = 0; path = PageTheScroll.app; sourceTree = BUILT_PRODUCTS_DIR; };
		D3003CC01EBD66BA00F2E52C /* AppDelegate.swift */ = {isa = PBXFileReference; lastKnownFileType = sourcecode.swift; path = AppDelegate.swift; sourceTree = "<group>"; };
		D3003CC21EBD66BA00F2E52C /* ViewController.swift */ = {isa = PBXFileReference; lastKnownFileType = sourcecode.swift; path = ViewController.swift; sourceTree = "<group>"; };
		D3003CC51EBD66BA00F2E52C /* Base */ = {isa = PBXFileReference; lastKnownFileType = file.storyboard; name = Base; path = Base.lproj/Main.storyboard; sourceTree = "<group>"; };
		D3003CC71EBD66BA00F2E52C /* Assets.xcassets */ = {isa = PBXFileReference; lastKnownFileType = folder.assetcatalog; path = Assets.xcassets; sourceTree = "<group>"; };
		D3003CCA1EBD66BA00F2E52C /* Base */ = {isa = PBXFileReference; lastKnownFileType = file.storyboard; name = Base; path = Base.lproj/LaunchScreen.storyboard; sourceTree = "<group>"; };
		D3003CCC1EBD66BA00F2E52C /* Info.plist */ = {isa = PBXFileReference; lastKnownFileType = text.plist.xml; path = Info.plist; sourceTree = "<group>"; };
		D3003CD11EBD66BA00F2E52C /* PageTheScrollTests.xctest */ = {isa = PBXFileReference; explicitFileType = wrapper.cfbundle; includeInIndex = 0; path = PageTheScrollTests.xctest; sourceTree = BUILT_PRODUCTS_DIR; };
		D3003CD51EBD66BA00F2E52C /* PageTheScrollTests.swift */ = {isa = PBXFileReference; lastKnownFileType = sourcecode.swift; path = PageTheScrollTests.swift; sourceTree = "<group>"; };
		D3003CD71EBD66BA00F2E52C /* Info.plist */ = {isa = PBXFileReference; lastKnownFileType = text.plist.xml; path = Info.plist; sourceTree = "<group>"; };
		D3003CDC1EBD66BA00F2E52C /* PageTheScrollUITests.xctest */ = {isa = PBXFileReference; explicitFileType = wrapper.cfbundle; includeInIndex = 0; path = PageTheScrollUITests.xctest; sourceTree = BUILT_PRODUCTS_DIR; };
		D3003CE01EBD66BA00F2E52C /* PageTheScrollUITests.swift */ = {isa = PBXFileReference; lastKnownFileType = sourcecode.swift; path = PageTheScrollUITests.swift; sourceTree = "<group>"; };
		D3003CE21EBD66BA00F2E52C /* Info.plist */ = {isa = PBXFileReference; lastKnownFileType = text.plist.xml; path = Info.plist; sourceTree = "<group>"; };
		D3003CEE1EBD675000F2E52C /* Scrollview-Assets */ = {isa = PBXFileReference; lastKnownFileType = folder; path = "Scrollview-Assets"; sourceTree = "<group>"; };
/* End PBXFileReference section */

/* Begin PBXFrameworksBuildPhase section */
		D3003CBA1EBD66BA00F2E52C /* Frameworks */ = {
			isa = PBXFrameworksBuildPhase;
			buildActionMask = 2147483647;
			files = (
			);
			runOnlyForDeploymentPostprocessing = 0;
		};
		D3003CCE1EBD66BA00F2E52C /* Frameworks */ = {
			isa = PBXFrameworksBuildPhase;
			buildActionMask = 2147483647;
			files = (
			);
			runOnlyForDeploymentPostprocessing = 0;
		};
		D3003CD91EBD66BA00F2E52C /* Frameworks */ = {
			isa = PBXFrameworksBuildPhase;
			buildActionMask = 2147483647;
			files = (
			);
			runOnlyForDeploymentPostprocessing = 0;
		};
/* End PBXFrameworksBuildPhase section */

/* Begin PBXGroup section */
		D3003CB41EBD66BA00F2E52C = {
			isa = PBXGroup;
			children = (
				D3003CEE1EBD675000F2E52C /* Scrollview-Assets */,
				D3003CBF1EBD66BA00F2E52C /* PageTheScroll */,
				D3003CD41EBD66BA00F2E52C /* PageTheScrollTests */,
				D3003CDF1EBD66BA00F2E52C /* PageTheScrollUITests */,
				D3003CBE1EBD66BA00F2E52C /* Products */,
			);
			sourceTree = "<group>";
		};
		D3003CBE1EBD66BA00F2E52C /* Products */ = {
			isa = PBXGroup;
			children = (
				D3003CBD1EBD66BA00F2E52C /* PageTheScroll.app */,
				D3003CD11EBD66BA00F2E52C /* PageTheScrollTests.xctest */,
				D3003CDC1EBD66BA00F2E52C /* PageTheScrollUITests.xctest */,
			);
			name = Products;
			sourceTree = "<group>";
		};
		D3003CBF1EBD66BA00F2E52C /* PageTheScroll */ = {
			isa = PBXGroup;
			children = (
				D3003CC01EBD66BA00F2E52C /* AppDelegate.swift */,
				D3003CC21EBD66BA00F2E52C /* ViewController.swift */,
				D3003CC41EBD66BA00F2E52C /* Main.storyboard */,
				D3003CC71EBD66BA00F2E52C /* Assets.xcassets */,
				D3003CC91EBD66BA00F2E52C /* LaunchScreen.storyboard */,
				D3003CCC1EBD66BA00F2E52C /* Info.plist */,
			);
			path = PageTheScroll;
			sourceTree = "<group>";
		};
		D3003CD41EBD66BA00F2E52C /* PageTheScrollTests */ = {
			isa = PBXGroup;
			children = (
				D3003CD51EBD66BA00F2E52C /* PageTheScrollTests.swift */,
				D3003CD71EBD66BA00F2E52C /* Info.plist */,
			);
			path = PageTheScrollTests;
			sourceTree = "<group>";
		};
		D3003CDF1EBD66BA00F2E52C /* PageTheScrollUITests */ = {
			isa = PBXGroup;
			children = (
				D3003CE01EBD66BA00F2E52C /* PageTheScrollUITests.swift */,
				D3003CE21EBD66BA00F2E52C /* Info.plist */,
			);
			path = PageTheScrollUITests;
			sourceTree = "<group>";
		};
/* End PBXGroup section */

/* Begin PBXNativeTarget section */
		D3003CBC1EBD66BA00F2E52C /* PageTheScroll */ = {
			isa = PBXNativeTarget;
			buildConfigurationList = D3003CE51EBD66BA00F2E52C /* Build configuration list for PBXNativeTarget "PageTheScroll" */;
			buildPhases = (
				D3003CB91EBD66BA00F2E52C /* Sources */,
				D3003CBA1EBD66BA00F2E52C /* Frameworks */,
				D3003CBB1EBD66BA00F2E52C /* Resources */,
			);
			buildRules = (
			);
			dependencies = (
			);
			name = PageTheScroll;
			productName = PageTheScroll;
			productReference = D3003CBD1EBD66BA00F2E52C /* PageTheScroll.app */;
			productType = "com.apple.product-type.application";
		};
		D3003CD01EBD66BA00F2E52C /* PageTheScrollTests */ = {
			isa = PBXNativeTarget;
			buildConfigurationList = D3003CE81EBD66BA00F2E52C /* Build configuration list for PBXNativeTarget "PageTheScrollTests" */;
			buildPhases = (
				D3003CCD1EBD66BA00F2E52C /* Sources */,
				D3003CCE1EBD66BA00F2E52C /* Frameworks */,
				D3003CCF1EBD66BA00F2E52C /* Resources */,
			);
			buildRules = (
			);
			dependencies = (
				D3003CD31EBD66BA00F2E52C /* PBXTargetDependency */,
			);
			name = PageTheScrollTests;
			productName = PageTheScrollTests;
			productReference = D3003CD11EBD66BA00F2E52C /* PageTheScrollTests.xctest */;
			productType = "com.apple.product-type.bundle.unit-test";
		};
		D3003CDB1EBD66BA00F2E52C /* PageTheScrollUITests */ = {
			isa = PBXNativeTarget;
			buildConfigurationList = D3003CEB1EBD66BA00F2E52C /* Build configuration list for PBXNativeTarget "PageTheScrollUITests" */;
			buildPhases = (
				D3003CD81EBD66BA00F2E52C /* Sources */,
				D3003CD91EBD66BA00F2E52C /* Frameworks */,
				D3003CDA1EBD66BA00F2E52C /* Resources */,
			);
			buildRules = (
			);
			dependencies = (
				D3003CDE1EBD66BA00F2E52C /* PBXTargetDependency */,
			);
			name = PageTheScrollUITests;
			productName = PageTheScrollUITests;
			productReference = D3003CDC1EBD66BA00F2E52C /* PageTheScrollUITests.xctest */;
			productType = "com.apple.product-type.bundle.ui-testing";
		};
/* End PBXNativeTarget section */

/* Begin PBXProject section */
		D3003CB51EBD66BA00F2E52C /* Project object */ = {
			isa = PBXProject;
			attributes = {
				LastSwiftUpdateCheck = 0830;
				LastUpgradeCheck = 0830;
				ORGANIZATIONNAME = "Jimmy Espinosa";
				TargetAttributes = {
					D3003CBC1EBD66BA00F2E52C = {
						CreatedOnToolsVersion = 8.3.2;
						ProvisioningStyle = Automatic;
					};
					D3003CD01EBD66BA00F2E52C = {
						CreatedOnToolsVersion = 8.3.2;
						ProvisioningStyle = Automatic;
						TestTargetID = D3003CBC1EBD66BA00F2E52C;
					};
					D3003CDB1EBD66BA00F2E52C = {
						CreatedOnToolsVersion = 8.3.2;
						ProvisioningStyle = Automatic;
						TestTargetID = D3003CBC1EBD66BA00F2E52C;
					};
				};
			};
			buildConfigurationList = D3003CB81EBD66BA00F2E52C /* Build configuration list for PBXProject "PageTheScroll" */;
			compatibilityVersion = "Xcode 3.2";
			developmentRegion = English;
			hasScannedForEncodings = 0;
			knownRegions = (
				en,
				Base,
			);
			mainGroup = D3003CB41EBD66BA00F2E52C;
			productRefGroup = D3003CBE1EBD66BA00F2E52C /* Products */;
			projectDirPath = "";
			projectRoot = "";
			targets = (
				D3003CBC1EBD66BA00F2E52C /* PageTheScroll */,
				D3003CD01EBD66BA00F2E52C /* PageTheScrollTests */,
				D3003CDB1EBD66BA00F2E52C /* PageTheScrollUITests */,
			);
		};
/* End PBXProject section */

/* Begin PBXResourcesBuildPhase section */
		D3003CBB1EBD66BA00F2E52C /* Resources */ = {
			isa = PBXResourcesBuildPhase;
			buildActionMask = 2147483647;
			files = (
				D3003CCB1EBD66BA00F2E52C /* LaunchScreen.storyboard in Resources */,
				D3003CC81EBD66BA00F2E52C /* Assets.xcassets in Resources */,
				D3003CC61EBD66BA00F2E52C /* Main.storyboard in Resources */,
				D3003CEF1EBD675000F2E52C /* Scrollview-Assets in Resources */,
			);
			runOnlyForDeploymentPostprocessing = 0;
		};
		D3003CCF1EBD66BA00F2E52C /* Resources */ = {
			isa = PBXResourcesBuildPhase;
			buildActionMask = 2147483647;
			files = (
			);
			runOnlyForDeploymentPostprocessing = 0;
		};
		D3003CDA1EBD66BA00F2E52C /* Resources */ = {
			isa = PBXResourcesBuildPhase;
			buildActionMask = 2147483647;
			files = (
			);
			runOnlyForDeploymentPostprocessing = 0;
		};
/* End PBXResourcesBuildPhase section */

/* Begin PBXSourcesBuildPhase section */
		D3003CB91EBD66BA00F2E52C /* Sources */ = {
			isa = PBXSourcesBuildPhase;
			buildActionMask = 2147483647;
			files = (
				D3003CC31EBD66BA00F2E52C /* ViewController.swift in Sources */,
				D3003CC11EBD66BA00F2E52C /* AppDelegate.swift in Sources */,
			);
			runOnlyForDeploymentPostprocessing = 0;
		};
		D3003CCD1EBD66BA00F2E52C /* Sources */ = {
			isa = PBXSourcesBuildPhase;
			buildActionMask = 2147483647;
			files = (
				D3003CD61EBD66BA00F2E52C /* PageTheScrollTests.swift in Sources */,
			);
			runOnlyForDeploymentPostprocessing = 0;
		};
		D3003CD81EBD66BA00F2E52C /* Sources */ = {
			isa = PBXSourcesBuildPhase;
			buildActionMask = 2147483647;
			files = (
				D3003CE11EBD66BA00F2E52C /* PageTheScrollUITests.swift in Sources */,
			);
			runOnlyForDeploymentPostprocessing = 0;
		};
/* End PBXSourcesBuildPhase section */

/* Begin PBXTargetDependency section */
		D3003CD31EBD66BA00F2E52C /* PBXTargetDependency */ = {
			isa = PBXTargetDependency;
			target = D3003CBC1EBD66BA00F2E52C /* PageTheScroll */;
			targetProxy = D3003CD21EBD66BA00F2E52C /* PBXContainerItemProxy */;
		};
		D3003CDE1EBD66BA00F2E52C /* PBXTargetDependency */ = {
			isa = PBXTargetDependency;
			target = D3003CBC1EBD66BA00F2E52C /* PageTheScroll */;
			targetProxy = D3003CDD1EBD66BA00F2E52C /* PBXContainerItemProxy */;
		};
/* End PBXTargetDependency section */

/* Begin PBXVariantGroup section */
		D3003CC41EBD66BA00F2E52C /* Main.storyboard */ = {
			isa = PBXVariantGroup;
			children = (
				D3003CC51EBD66BA00F2E52C /* Base */,
			);
			name = Main.storyboard;
			sourceTree = "<group>";
		};
		D3003CC91EBD66BA00F2E52C /* LaunchScreen.storyboard */ = {
			isa = PBXVariantGroup;
			children = (
				D3003CCA1EBD66BA00F2E52C /* Base */,
			);
			name = LaunchScreen.storyboard;
			sourceTree = "<group>";
		};
/* End PBXVariantGroup section */

/* Begin XCBuildConfiguration section */
		D3003CE31EBD66BA00F2E52C /* Debug */ = {
			isa = XCBuildConfiguration;
			buildSettings = {
				ALWAYS_SEARCH_USER_PATHS = NO;
				CLANG_ANALYZER_NONNULL = YES;
				CLANG_ANALYZER_NUMBER_OBJECT_CONVERSION = YES_AGGRESSIVE;
				CLANG_CXX_LANGUAGE_STANDARD = "gnu++0x";
				CLANG_CXX_LIBRARY = "libc++";
				CLANG_ENABLE_MODULES = YES;
				CLANG_ENABLE_OBJC_ARC = YES;
				CLANG_WARN_BOOL_CONVERSION = YES;
				CLANG_WARN_CONSTANT_CONVERSION = YES;
				CLANG_WARN_DIRECT_OBJC_ISA_USAGE = YES_ERROR;
				CLANG_WARN_DOCUMENTATION_COMMENTS = YES;
				CLANG_WARN_EMPTY_BODY = YES;
				CLANG_WARN_ENUM_CONVERSION = YES;
				CLANG_WARN_INFINITE_RECURSION = YES;
				CLANG_WARN_INT_CONVERSION = YES;
				CLANG_WARN_OBJC_ROOT_CLASS = YES_ERROR;
				CLANG_WARN_SUSPICIOUS_MOVE = YES;
				CLANG_WARN_UNREACHABLE_CODE = YES;
				CLANG_WARN__DUPLICATE_METHOD_MATCH = YES;
				"CODE_SIGN_IDENTITY[sdk=iphoneos*]" = "iPhone Developer";
				COPY_PHASE_STRIP = NO;
				DEBUG_INFORMATION_FORMAT = dwarf;
				ENABLE_STRICT_OBJC_MSGSEND = YES;
				ENABLE_TESTABILITY = YES;
				GCC_C_LANGUAGE_STANDARD = gnu99;
				GCC_DYNAMIC_NO_PIC = NO;
				GCC_NO_COMMON_BLOCKS = YES;
				GCC_OPTIMIZATION_LEVEL = 0;
				GCC_PREPROCESSOR_DEFINITIONS = (
					"DEBUG=1",
					"$(inherited)",
				);
				GCC_WARN_64_TO_32_BIT_CONVERSION = YES;
				GCC_WARN_ABOUT_RETURN_TYPE = YES_ERROR;
				GCC_WARN_UNDECLARED_SELECTOR = YES;
				GCC_WARN_UNINITIALIZED_AUTOS = YES_AGGRESSIVE;
				GCC_WARN_UNUSED_FUNCTION = YES;
				GCC_WARN_UNUSED_VARIABLE = YES;
				IPHONEOS_DEPLOYMENT_TARGET = 10.3;
				MTL_ENABLE_DEBUG_INFO = YES;
				ONLY_ACTIVE_ARCH = YES;
				SDKROOT = iphoneos;
				SWIFT_ACTIVE_COMPILATION_CONDITIONS = DEBUG;
				SWIFT_OPTIMIZATION_LEVEL = "-Onone";
				TARGETED_DEVICE_FAMILY = "1,2";
			};
			name = Debug;
		};
		D3003CE41EBD66BA00F2E52C /* Release */ = {
			isa = XCBuildConfiguration;
			buildSettings = {
				ALWAYS_SEARCH_USER_PATHS = NO;
				CLANG_ANALYZER_NONNULL = YES;
				CLANG_ANALYZER_NUMBER_OBJECT_CONVERSION = YES_AGGRESSIVE;
				CLANG_CXX_LANGUAGE_STANDARD = "gnu++0x";
				CLANG_CXX_LIBRARY = "libc++";
				CLANG_ENABLE_MODULES = YES;
				CLANG_ENABLE_OBJC_ARC = YES;
				CLANG_WARN_BOOL_CONVERSION = YES;
				CLANG_WARN_CONSTANT_CONVERSION = YES;
				CLANG_WARN_DIRECT_OBJC_ISA_USAGE = YES_ERROR;
				CLANG_WARN_DOCUMENTATION_COMMENTS = YES;
				CLANG_WARN_EMPTY_BODY = YES;
				CLANG_WARN_ENUM_CONVERSION = YES;
				CLANG_WARN_INFINITE_RECURSION = YES;
				CLANG_WARN_INT_CONVERSION = YES;
				CLANG_WARN_OBJC_ROOT_CLASS = YES_ERROR;
				CLANG_WARN_SUSPICIOUS_MOVE = YES;
				CLANG_WARN_UNREACHABLE_CODE = YES;
				CLANG_WARN__DUPLICATE_METHOD_MATCH = YES;
				"CODE_SIGN_IDENTITY[sdk=iphoneos*]" = "iPhone Developer";
				COPY_PHASE_STRIP = NO;
				DEBUG_INFORMATION_FORMAT = "dwarf-with-dsym";
				ENABLE_NS_ASSERTIONS = NO;
				ENABLE_STRICT_OBJC_MSGSEND = YES;
				GCC_C_LANGUAGE_STANDARD = gnu99;
				GCC_NO_COMMON_BLOCKS = YES;
				GCC_WARN_64_TO_32_BIT_CONVERSION = YES;
				GCC_WARN_ABOUT_RETURN_TYPE = YES_ERROR;
				GCC_WARN_UNDECLARED_SELECTOR = YES;
				GCC_WARN_UNINITIALIZED_AUTOS = YES_AGGRESSIVE;
				GCC_WARN_UNUSED_FUNCTION = YES;
				GCC_WARN_UNUSED_VARIABLE = YES;
				IPHONEOS_DEPLOYMENT_TARGET = 10.3;
				MTL_ENABLE_DEBUG_INFO = NO;
				SDKROOT = iphoneos;
				SWIFT_OPTIMIZATION_LEVEL = "-Owholemodule";
				TARGETED_DEVICE_FAMILY = "1,2";
				VALIDATE_PRODUCT = YES;
			};
			name = Release;
		};
		D3003CE61EBD66BA00F2E52C /* Debug */ = {
			isa = XCBuildConfiguration;
			buildSettings = {
				ASSETCATALOG_COMPILER_APPICON_NAME = AppIcon;
				INFOPLIST_FILE = PageTheScroll/Info.plist;
				LD_RUNPATH_SEARCH_PATHS = "$(inherited) @executable_path/Frameworks";
				PRODUCT_BUNDLE_IDENTIFIER = jimmy.PageTheScroll;
				PRODUCT_NAME = "$(TARGET_NAME)";
				SWIFT_VERSION = 3.0;
			};
			name = Debug;
		};
		D3003CE71EBD66BA00F2E52C /* Release */ = {
			isa = XCBuildConfiguration;
			buildSettings = {
				ASSETCATALOG_COMPILER_APPICON_NAME = AppIcon;
				INFOPLIST_FILE = PageTheScroll/Info.plist;
				LD_RUNPATH_SEARCH_PATHS = "$(inherited) @executable_path/Frameworks";
				PRODUCT_BUNDLE_IDENTIFIER = jimmy.PageTheScroll;
				PRODUCT_NAME = "$(TARGET_NAME)";
				SWIFT_VERSION = 3.0;
			};
			name = Release;
		};
		D3003CE91EBD66BA00F2E52C /* Debug */ = {
			isa = XCBuildConfiguration;
			buildSettings = {
				ALWAYS_EMBED_SWIFT_STANDARD_LIBRARIES = YES;
				BUNDLE_LOADER = "$(TEST_HOST)";
				INFOPLIST_FILE = PageTheScrollTests/Info.plist;
				LD_RUNPATH_SEARCH_PATHS = "$(inherited) @executable_path/Frameworks @loader_path/Frameworks";
				PRODUCT_BUNDLE_IDENTIFIER = jimmy.PageTheScrollTests;
				PRODUCT_NAME = "$(TARGET_NAME)";
				SWIFT_VERSION = 3.0;
				TEST_HOST = "$(BUILT_PRODUCTS_DIR)/PageTheScroll.app/PageTheScroll";
			};
			name = Debug;
		};
		D3003CEA1EBD66BA00F2E52C /* Release */ = {
			isa = XCBuildConfiguration;
			buildSettings = {
				ALWAYS_EMBED_SWIFT_STANDARD_LIBRARIES = YES;
				BUNDLE_LOADER = "$(TEST_HOST)";
				INFOPLIST_FILE = PageTheScrollTests/Info.plist;
				LD_RUNPATH_SEARCH_PATHS = "$(inherited) @executable_path/Frameworks @loader_path/Frameworks";
				PRODUCT_BUNDLE_IDENTIFIER = jimmy.PageTheScrollTests;
				PRODUCT_NAME = "$(TARGET_NAME)";
				SWIFT_VERSION = 3.0;
				TEST_HOST = "$(BUILT_PRODUCTS_DIR)/PageTheScroll.app/PageTheScroll";
			};
			name = Release;
		};
		D3003CEC1EBD66BA00F2E52C /* Debug */ = {
			isa = XCBuildConfiguration;
			buildSettings = {
				ALWAYS_EMBED_SWIFT_STANDARD_LIBRARIES = YES;
				INFOPLIST_FILE = PageTheScrollUITests/Info.plist;
				LD_RUNPATH_SEARCH_PATHS = "$(inherited) @executable_path/Frameworks @loader_path/Frameworks";
				PRODUCT_BUNDLE_IDENTIFIER = jimmy.PageTheScrollUITests;
				PRODUCT_NAME = "$(TARGET_NAME)";
				SWIFT_VERSION = 3.0;
				TEST_TARGET_NAME = PageTheScroll;
			};
			name = Debug;
		};
		D3003CED1EBD66BA00F2E52C /* Release */ = {
			isa = XCBuildConfiguration;
			buildSettings = {
				ALWAYS_EMBED_SWIFT_STANDARD_LIBRARIES = YES;
				INFOPLIST_FILE = PageTheScrollUITests/Info.plist;
				LD_RUNPATH_SEARCH_PATHS = "$(inherited) @executable_path/Frameworks @loader_path/Frameworks";
				PRODUCT_BUNDLE_IDENTIFIER = jimmy.PageTheScrollUITests;
				PRODUCT_NAME = "$(TARGET_NAME)";
				SWIFT_VERSION = 3.0;
				TEST_TARGET_NAME = PageTheScroll;
			};
			name = Release;
		};
/* End XCBuildConfiguration section */

/* Begin XCConfigurationList section */
		D3003CB81EBD66BA00F2E52C /* Build configuration list for PBXProject "PageTheScroll" */ = {
			isa = XCConfigurationList;
			buildConfigurations = (
				D3003CE31EBD66BA00F2E52C /* Debug */,
				D3003CE41EBD66BA00F2E52C /* Release */,
			);
			defaultConfigurationIsVisible = 0;
			defaultConfigurationName = Release;
		};
		D3003CE51EBD66BA00F2E52C /* Build configuration list for PBXNativeTarget "PageTheScroll" */ = {
			isa = XCConfigurationList;
			buildConfigurations = (
				D3003CE61EBD66BA00F2E52C /* Debug */,
				D3003CE71EBD66BA00F2E52C /* Release */,
			);
			defaultConfigurationIsVisible = 0;
		};
		D3003CE81EBD66BA00F2E52C /* Build configuration list for PBXNativeTarget "PageTheScrollTests" */ = {
			isa = XCConfigurationList;
			buildConfigurations = (
				D3003CE91EBD66BA00F2E52C /* Debug */,
				D3003CEA1EBD66BA00F2E52C /* Release */,
			);
			defaultConfigurationIsVisible = 0;
		};
		D3003CEB1EBD66BA00F2E52C /* Build configuration list for PBXNativeTarget "PageTheScrollUITests" */ = {
			isa = XCConfigurationList;
			buildConfigurations = (
				D3003CEC1EBD66BA00F2E52C /* Debug */,
				D3003CED1EBD66BA00F2E52C /* Release */,
			);
			defaultConfigurationIsVisible = 0;
		};
/* End XCConfigurationList section */
	};
	rootObject = D3003CB51EBD66BA00F2E52C /* Project object */;
}
